
Microsoft Visual Studio Solution File, Format Version 12.00
# Visual Studio Version 17
VisualStudioVersion = 17.12.35707.178
MinimumVisualStudioVersion = 10.0.40219.1
Project("{FAE04EC0-301F-11D3-BF4B-00C04F79EFBC}") = "SWISS365AI", "SWISS365AI\SWISS365AI.csproj", "{1B1B1CDA-29EB-48F3-8391-BAEBC5412841}"
EndProject
Project("{FAE04EC0-301F-11D3-BF4B-00C04F79EFBC}") = "Swiss365AI.UI", "Swiss365AI.UI\Swiss365AI.UI.csproj", "{873A3A88-4F96-421C-BED3-67AEC83DDEF3}"
EndProject
Project("{FAE04EC0-301F-11D3-BF4B-00C04F79EFBC}") = "Swiss365AI.Infrastructure", "Swiss365AI.Infrastructure\Swiss365AI.Infrastructure.csproj", "{5152F4C8-3664-4BE0-926C-456603B736BA}"
EndProject
Project("{FAE04EC0-301F-11D3-BF4B-00C04F79EFBC}") = "Swiss365AI.Domain", "Swiss365AI.Domain\Swiss365AI.Domain.csproj", "{705B44E8-0AA0-44AD-9138-5F3AD1A30A80}"
EndProject
Global
	GlobalSection(SolutionConfigurationPlatforms) = preSolution
		Debug|Any CPU = Debug|Any CPU
		Release|Any CPU = Release|Any CPU
	EndGlobalSection
	GlobalSection(ProjectConfigurationPlatforms) = postSolution
		{1B1B1CDA-29EB-48F3-8391-BAEBC5412841}.Debug|Any CPU.ActiveCfg = Debug|Any CPU
		{1B1B1CDA-29EB-48F3-8391-BAEBC5412841}.Debug|Any CPU.Build.0 = Debug|Any CPU
		{1B1B1CDA-29EB-48F3-8391-BAEBC5412841}.Release|Any CPU.ActiveCfg = Release|Any CPU
		{1B1B1CDA-29EB-48F3-8391-BAEBC5412841}.Release|Any CPU.Build.0 = Release|Any CPU
		{873A3A88-4F96-421C-BED3-67AEC83DDEF3}.Debug|Any CPU.ActiveCfg = Debug|Any CPU
		{873A3A88-4F96-421C-BED3-67AEC83DDEF3}.Debug|Any CPU.Build.0 = Debug|Any CPU
		{873A3A88-4F96-421C-BED3-67AEC83DDEF3}.Release|Any CPU.ActiveCfg = Release|Any CPU
		{873A3A88-4F96-421C-BED3-67AEC83DDEF3}.Release|Any CPU.Build.0 = Release|Any CPU
		{5152F4C8-3664-4BE0-926C-456603B736BA}.Debug|Any CPU.ActiveCfg = Debug|Any CPU
		{5152F4C8-3664-4BE0-926C-456603B736BA}.Debug|Any CPU.Build.0 = Debug|Any CPU
		{5152F4C8-3664-4BE0-926C-456603B736BA}.Release|Any CPU.ActiveCfg = Release|Any CPU
		{5152F4C8-3664-4BE0-926C-456603B736BA}.Release|Any CPU.Build.0 = Release|Any CPU
		{705B44E8-0AA0-44AD-9138-5F3AD1A30A80}.Debug|Any CPU.ActiveCfg = Debug|Any CPU
		{705B44E8-0AA0-44AD-9138-5F3AD1A30A80}.Debug|Any CPU.Build.0 = Debug|Any CPU
		{705B44E8-0AA0-44AD-9138-5F3AD1A30A80}.Release|Any CPU.ActiveCfg = Release|Any CPU
		{705B44E8-0AA0-44AD-9138-5F3AD1A30A80}.Release|Any CPU.Build.0 = Release|Any CPU
	EndGlobalSection
	GlobalSection(SolutionProperties) = preSolution
		HideSolutionNode = FALSE
	EndGlobalSection
EndGlobal
